// !$*UTF8*$!
{
	archiveVersion = 1;
	classes = {
	};
	objectVersion = 50;
	objects = {

/* Begin PBXBuildFile section */
		89477A63236B29BF008348DE /* AppDelegate.swift in Sources */ = {isa = PBXBuildFile; fileRef = 89477A62236B29BF008348DE /* AppDelegate.swift */; };
		89477A65236B29BF008348DE /* SceneDelegate.swift in Sources */ = {isa = PBXBuildFile; fileRef = 89477A64236B29BF008348DE /* SceneDelegate.swift */; };
		89477A67236B29BF008348DE /* ViewController.swift in Sources */ = {isa = PBXBuildFile; fileRef = 89477A66236B29BF008348DE /* ViewController.swift */; };
		89477A6A236B29BF008348DE /* Main.storyboard in Resources */ = {isa = PBXBuildFile; fileRef = 89477A68236B29BF008348DE /* Main.storyboard */; };
		89477A6C236B29C0008348DE /* Assets.xcassets in Resources */ = {isa = PBXBuildFile; fileRef = 89477A6B236B29C0008348DE /* Assets.xcassets */; };
		89477A6F236B29C0008348DE /* LaunchScreen.storyboard in Resources */ = {isa = PBXBuildFile; fileRef = 89477A6D236B29C0008348DE /* LaunchScreen.storyboard */; };
/* End PBXBuildFile section */

/* Begin PBXFileReference section */
		89477A5F236B29BF008348DE /* GeolocationScraper.app */ = {isa = PBXFileReference; explicitFileType = wrapper.application; includeInIndex = 0; path = GeolocationScraper.app; sourceTree = BUILT_PRODUCTS_DIR; };
		89477A62236B29BF008348DE /* AppDelegate.swift */ = {isa = PBXFileReference; lastKnownFileType = sourcecode.swift; path = AppDelegate.swift; sourceTree = "<group>"; };
		89477A64236B29BF008348DE /* SceneDelegate.swift */ = {isa = PBXFileReference; lastKnownFileType = sourcecode.swift; path = SceneDelegate.swift; sourceTree = "<group>"; };
		89477A66236B29BF008348DE /* ViewController.swift */ = {isa = PBXFileReference; lastKnownFileType = sourcecode.swift; path = ViewController.swift; sourceTree = "<group>"; };
		89477A69236B29BF008348DE /* Base */ = {isa = PBXFileReference; lastKnownFileType = file.storyboard; name = Base; path = Base.lproj/Main.storyboard; sourceTree = "<group>"; };
		89477A6B236B29C0008348DE /* Assets.xcassets */ = {isa = PBXFileReference; lastKnownFileType = folder.assetcatalog; path = Assets.xcassets; sourceTree = "<group>"; };
		89477A6E236B29C0008348DE /* Base */ = {isa = PBXFileReference; lastKnownFileType = file.storyboard; name = Base; path = Base.lproj/LaunchScreen.storyboard; sourceTree = "<group>"; };
		89477A70236B29C0008348DE /* Info.plist */ = {isa = PBXFileReference; lastKnownFileType = text.plist.xml; path = Info.plist; sourceTree = "<group>"; };
/* End PBXFileReference section */

/* Begin PBXFrameworksBuildPhase section */
		89477A5C236B29BF008348DE /* Frameworks */ = {
			isa = PBXFrameworksBuildPhase;
			buildActionMask = 2147483647;
			files = (
			);
			runOnlyForDeploymentPostprocessing = 0;
		};
/* End PBXFrameworksBuildPhase section */

/* Begin PBXGroup section */
		89477A56236B29BF008348DE = {
			isa = PBXGroup;
			children = (
				89477A61236B29BF008348DE /* GeolocationScraper */,
				89477A60236B29BF008348DE /* Products */,
			);
			sourceTree = "<group>";
		};
		89477A60236B29BF008348DE /* Products */ = {
			isa = PBXGroup;
			children = (
				89477A5F236B29BF008348DE /* GeolocationScraper.app */,
			);
			name = Products;
			sourceTree = "<group>";
		};
		89477A61236B29BF008348DE /* GeolocationScraper */ = {
			isa = PBXGroup;
			children = (
				89477A62236B29BF008348DE /* AppDelegate.swift */,
				89477A64236B29BF008348DE /* SceneDelegate.swift */,
				89477A66236B29BF008348DE /* ViewController.swift */,
				89477A68236B29BF008348DE /* Main.storyboard */,
				89477A6B236B29C0008348DE /* Assets.xcassets */,
				89477A6D236B29C0008348DE /* LaunchScreen.storyboard */,
				89477A70236B29C0008348DE /* Info.plist */,
			);
			path = GeolocationScraper;
			sourceTree = "<group>";
		};
/* End PBXGroup section */

/* Begin PBXNativeTarget section */
		89477A5E236B29BF008348DE /* GeolocationScraper */ = {
			isa = PBXNativeTarget;
			buildConfigurationList = 89477A73236B29C0008348DE /* Build configuration list for PBXNativeTarget "GeolocationScraper" */;
			buildPhases = (
				89477A5B236B29BF008348DE /* Sources */,
				89477A5C236B29BF008348DE /* Frameworks */,
				89477A5D236B29BF008348DE /* Resources */,
			);
			buildRules = (
			);
			dependencies = (
			);
			name = GeolocationScraper;
			productName = GeolocationScraper;
			productReference = 89477A5F236B29BF008348DE /* GeolocationScraper.app */;
			productType = "com.apple.product-type.application";
		};
/* End PBXNativeTarget section */

/* Begin PBXProject section */
		89477A57236B29BF008348DE /* Project object */ = {
			isa = PBXProject;
			attributes = {
				LastSwiftUpdateCheck = 1110;
				LastUpgradeCheck = 1110;
				ORGANIZATIONNAME = "Gregor Jahner";
				TargetAttributes = {
					89477A5E236B29BF008348DE = {
						CreatedOnToolsVersion = 11.1;
					};
				};
			};
			buildConfigurationList = 89477A5A236B29BF008348DE /* Build configuration list for PBXProject "GeolocationScraper" */;
			compatibilityVersion = "Xcode 9.3";
			developmentRegion = en;
			hasScannedForEncodings = 0;
			knownRegions = (
				en,
				Base,
			);
			mainGroup = 89477A56236B29BF008348DE;
			productRefGroup = 89477A60236B29BF008348DE /* Products */;
			projectDirPath = "";
			projectRoot = "";
			targets = (
				89477A5E236B29BF008348DE /* GeolocationScraper */,
			);
		};
/* End PBXProject section */

/* Begin PBXResourcesBuildPhase section */
		89477A5D236B29BF008348DE /* Resources */ = {
			isa = PBXResourcesBuildPhase;
			buildActionMask = 2147483647;
			files = (
				89477A6F236B29C0008348DE /* LaunchScreen.storyboard in Resources */,
				89477A6C236B29C0008348DE /* Assets.xcassets in Resources */,
				89477A6A236B29BF008348DE /* Main.storyboard in Resources */,
			);
			runOnlyForDeploymentPostprocessing = 0;
		};
/* End PBXResourcesBuildPhase section */

/* Begin PBXSourcesBuildPhase section */
		89477A5B236B29BF008348DE /* Sources */ = {
			isa = PBXSourcesBuildPhase;
			buildActionMask = 2147483647;
			files = (
				89477A67236B29BF008348DE /* ViewController.swift in Sources */,
				89477A63236B29BF008348DE /* AppDelegate.swift in Sources */,
				89477A65236B29BF008348DE /* SceneDelegate.swift in Sources */,
			);
			runOnlyForDeploymentPostprocessing = 0;
		};
/* End PBXSourcesBuildPhase section */

/* Begin PBXVariantGroup section */
		89477A68236B29BF008348DE /* Main.storyboard */ = {
			isa = PBXVariantGroup;
			children = (
				89477A69236B29BF008348DE /* Base */,
			);
			name = Main.storyboard;
			sourceTree = "<group>";
		};
		89477A6D236B29C0008348DE /* LaunchScreen.storyboard */ = {
			isa = PBXVariantGroup;
			children = (
				89477A6E236B29C0008348DE /* Base */,
			);
			name = LaunchScreen.storyboard;
			sourceTree = "<group>";
		};
/* End PBXVariantGroup section */

/* Begin XCBuildConfiguration section */
		89477A71236B29C0008348DE /* Debug */ = {
			isa = XCBuildConfiguration;
			buildSettings = {
				ALWAYS_SEARCH_USER_PATHS = NO;
				CLANG_ANALYZER_NONNULL = YES;
				CLANG_ANALYZER_NUMBER_OBJECT_CONVERSION = YES_AGGRESSIVE;
				CLANG_CXX_LANGUAGE_STANDARD = "gnu++14";
				CLANG_CXX_LIBRARY = "libc++";
				CLANG_ENABLE_MODULES = YES;
				CLANG_ENABLE_OBJC_ARC = YES;
				CLANG_ENABLE_OBJC_WEAK = YES;
				CLANG_WARN_BLOCK_CAPTURE_AUTORELEASING = YES;
				CLANG_WARN_BOOL_CONVERSION = YES;
				CLANG_WARN_COMMA = YES;
				CLANG_WARN_CONSTANT_CONVERSION = YES;
				CLANG_WARN_DEPRECATED_OBJC_IMPLEMENTATIONS = YES;
				CLANG_WARN_DIRECT_OBJC_ISA_USAGE = YES_ERROR;
				CLANG_WARN_DOCUMENTATION_COMMENTS = YES;
				CLANG_WARN_EMPTY_BODY = YES;
				CLANG_WARN_ENUM_CONVERSION = YES;
				CLANG_WARN_INFINITE_RECURSION = YES;
				CLANG_WARN_INT_CONVERSION = YES;
				CLANG_WARN_NON_LITERAL_NULL_CONVERSION = YES;
				CLANG_WARN_OBJC_IMPLICIT_RETAIN_SELF = YES;
				CLANG_WARN_OBJC_LITERAL_CONVERSION = YES;
				CLANG_WARN_OBJC_ROOT_CLASS = YES_ERROR;
				CLANG_WARN_RANGE_LOOP_ANALYSIS = YES;
				CLANG_WARN_STRICT_PROTOTYPES = YES;
				CLANG_WARN_SUSPICIOUS_MOVE = YES;
				CLANG_WARN_UNGUARDED_AVAILABILITY = YES_AGGRESSIVE;
				CLANG_WARN_UNREACHABLE_CODE = YES;
				CLANG_WARN__DUPLICATE_METHOD_MATCH = YES;
				COPY_PHASE_STRIP = NO;
				DEBUG_INFORMATION_FORMAT = dwarf;
				ENABLE_STRICT_OBJC_MSGSEND = YES;
				ENABLE_TESTABILITY = YES;
				GCC_C_LANGUAGE_STANDARD = gnu11;
				GCC_DYNAMIC_NO_PIC = NO;
				GCC_NO_COMMON_BLOCKS = YES;
				GCC_OPTIMIZATION_LEVEL = 0;
				GCC_PREPROCESSOR_DEFINITIONS = (
					"DEBUG=1",
					"$(inherited)",
				);
				GCC_WARN_64_TO_32_BIT_CONVERSION = YES;
				GCC_WARN_ABOUT_RETURN_TYPE = YES_ERROR;
				GCC_WARN_UNDECLARED_SELECTOR = YES;
				GCC_WARN_UNINITIALIZED_AUTOS = YES_AGGRESSIVE;
				GCC_WARN_UNUSED_FUNCTION = YES;
				GCC_WARN_UNUSED_VARIABLE = YES;
				IPHONEOS_DEPLOYMENT_TARGET = 13.1;
				MTL_ENABLE_DEBUG_INFO = INCLUDE_SOURCE;
				MTL_FAST_MATH = YES;
				ONLY_ACTIVE_ARCH = YES;
				SDKROOT = iphoneos;
				SWIFT_ACTIVE_COMPILATION_CONDITIONS = DEBUG;
				SWIFT_OPTIMIZATION_LEVEL = "-Onone";
			};
			name = Debug;
		};
		89477A72236B29C0008348DE /* Release */ = {
			isa = XCBuildConfiguration;
			buildSettings = {
				ALWAYS_SEARCH_USER_PATHS = NO;
				CLANG_ANALYZER_NONNULL = YES;
				CLANG_ANALYZER_NUMBER_OBJECT_CONVERSION = YES_AGGRESSIVE;
				CLANG_CXX_LANGUAGE_STANDARD = "gnu++14";
				CLANG_CXX_LIBRARY = "libc++";
				CLANG_ENABLE_MODULES = YES;
				CLANG_ENABLE_OBJC_ARC = YES;
				CLANG_ENABLE_OBJC_WEAK = YES;
				CLANG_WARN_BLOCK_CAPTURE_AUTORELEASING = YES;
				CLANG_WARN_BOOL_CONVERSION = YES;
				CLANG_WARN_COMMA = YES;
				CLANG_WARN_CONSTANT_CONVERSION = YES;
				CLANG_WARN_DEPRECATED_OBJC_IMPLEMENTATIONS = YES;
				CLANG_WARN_DIRECT_OBJC_ISA_USAGE = YES_ERROR;
				CLANG_WARN_DOCUMENTATION_COMMENTS = YES;
				CLANG_WARN_EMPTY_BODY = YES;
				CLANG_WARN_ENUM_CONVERSION = YES;
				CLANG_WARN_INFINITE_RECURSION = YES;
				CLANG_WARN_INT_CONVERSION = YES;
				CLANG_WARN_NON_LITERAL_NULL_CONVERSION = YES;
				CLANG_WARN_OBJC_IMPLICIT_RETAIN_SELF = YES;
				CLANG_WARN_OBJC_LITERAL_CONVERSION = YES;
				CLANG_WARN_OBJC_ROOT_CLASS = YES_ERROR;
				CLANG_WARN_RANGE_LOOP_ANALYSIS = YES;
				CLANG_WARN_STRICT_PROTOTYPES = YES;
				CLANG_WARN_SUSPICIOUS_MOVE = YES;
				CLANG_WARN_UNGUARDED_AVAILABILITY = YES_AGGRESSIVE;
				CLANG_WARN_UNREACHABLE_CODE = YES;
				CLANG_WARN__DUPLICATE_METHOD_MATCH = YES;
				COPY_PHASE_STRIP = NO;
				DEBUG_INFORMATION_FORMAT = "dwarf-with-dsym";
				ENABLE_NS_ASSERTIONS = NO;
				ENABLE_STRICT_OBJC_MSGSEND = YES;
				GCC_C_LANGUAGE_STANDARD = gnu11;
				GCC_NO_COMMON_BLOCKS = YES;
				GCC_WARN_64_TO_32_BIT_CONVERSION = YES;
				GCC_WARN_ABOUT_RETURN_TYPE = YES_ERROR;
				GCC_WARN_UNDECLARED_SELECTOR = YES;
				GCC_WARN_UNINITIALIZED_AUTOS = YES_AGGRESSIVE;
				GCC_WARN_UNUSED_FUNCTION = YES;
				GCC_WARN_UNUSED_VARIABLE = YES;
				IPHONEOS_DEPLOYMENT_TARGET = 13.1;
				MTL_ENABLE_DEBUG_INFO = NO;
				MTL_FAST_MATH = YES;
				SDKROOT = iphoneos;
				SWIFT_COMPILATION_MODE = wholemodule;
				SWIFT_OPTIMIZATION_LEVEL = "-O";
				VALIDATE_PRODUCT = YES;
			};
			name = Release;
		};
		89477A74236B29C0008348DE /* Debug */ = {
			isa = XCBuildConfiguration;
			buildSettings = {
				ASSETCATALOG_COMPILER_APPICON_NAME = AppIcon;
				CODE_SIGN_STYLE = Automatic;
				DEVELOPMENT_TEAM = 8A2XFHZ8PW;
				INFOPLIST_FILE = GeolocationScraper/Info.plist;
				LD_RUNPATH_SEARCH_PATHS = (
					"$(inherited)",
					"@executable_path/Frameworks",
				);
				PRODUCT_BUNDLE_IDENTIFIER = com.illnerjahner.GeolocationScraper;
				PRODUCT_NAME = "$(TARGET_NAME)";
				SWIFT_VERSION = 5.0;
				TARGETED_DEVICE_FAMILY = "1,2";
			};
			name = Debug;
		};
		89477A75236B29C0008348DE /* Release */ = {
			isa = XCBuildConfiguration;
			buildSettings = {
				ASSETCATALOG_COMPILER_APPICON_NAME = AppIcon;
				CODE_SIGN_STYLE = Automatic;
				DEVELOPMENT_TEAM = 8A2XFHZ8PW;
				INFOPLIST_FILE = GeolocationScraper/Info.plist;
				LD_RUNPATH_SEARCH_PATHS = (
					"$(inherited)",
					"@executable_path/Frameworks",
				);
				PRODUCT_BUNDLE_IDENTIFIER = com.illnerjahner.GeolocationScraper;
				PRODUCT_NAME = "$(TARGET_NAME)";
				SWIFT_VERSION = 5.0;
				TARGETED_DEVICE_FAMILY = "1,2";
			};
			name = Release;
		};
/* End XCBuildConfiguration section */

/* Begin XCConfigurationList section */
		89477A5A236B29BF008348DE /* Build configuration list for PBXProject "GeolocationScraper" */ = {
			isa = XCConfigurationList;
			buildConfigurations = (
				89477A71236B29C0008348DE /* Debug */,
				89477A72236B29C0008348DE /* Release */,
			);
			defaultConfigurationIsVisible = 0;
			defaultConfigurationName = Release;
		};
		89477A73236B29C0008348DE /* Build configuration list for PBXNativeTarget "GeolocationScraper" */ = {
			isa = XCConfigurationList;
			buildConfigurations = (
				89477A74236B29C0008348DE /* Debug */,
				89477A75236B29C0008348DE /* Release */,
			);
			defaultConfigurationIsVisible = 0;
			defaultConfigurationName = Release;
		};
/* End XCConfigurationList section */
	};
	rootObject = 89477A57236B29BF008348DE /* Project object */;
}
